{
  "name": "eyechrome",
  "lockfileVersion": 3,
  "requires": true,
  "packages": {
    "": {
      "dependencies": {
        "chrome-types": "^0.1.283"
      }
    },
    "node_modules/chrome-types": {
      "version": "0.1.283",
      "resolved": "https://registry.npmjs.org/chrome-types/-/chrome-types-0.1.283.tgz",
      "integrity": "sha512-6ZsatWbwBlUeqHUL9I8V/SzR+Ya/7zFTSr6ryxIXVHDEbE1fMuQvg+Qo9E63UdOcezQCzt7fwP1ldUUi7hoCwQ=="
    }
  }
}
